// !$*UTF8*$!
{
	archiveVersion = 1;
	classes = {
	};
	objectVersion = 50;
	objects = {

/* Begin PBXBuildFile section */
		7DF907CB250BB0060059C354 /* AppDelegate.swift in Sources */ = {isa = PBXBuildFile; fileRef = 7DF907CA250BB0060059C354 /* AppDelegate.swift */; };
		7DF907CD250BB0060059C354 /* SceneDelegate.swift in Sources */ = {isa = PBXBuildFile; fileRef = 7DF907CC250BB0060059C354 /* SceneDelegate.swift */; };
		7DF907CF250BB0060059C354 /* ViewController.swift in Sources */ = {isa = PBXBuildFile; fileRef = 7DF907CE250BB0060059C354 /* ViewController.swift */; };
		7DF907D2250BB0060059C354 /* Main.storyboard in Resources */ = {isa = PBXBuildFile; fileRef = 7DF907D0250BB0060059C354 /* Main.storyboard */; };
		7DF907D4250BB00B0059C354 /* Assets.xcassets in Resources */ = {isa = PBXBuildFile; fileRef = 7DF907D3250BB00B0059C354 /* Assets.xcassets */; };
		7DF907D7250BB00B0059C354 /* LaunchScreen.storyboard in Resources */ = {isa = PBXBuildFile; fileRef = 7DF907D5250BB00B0059C354 /* LaunchScreen.storyboard */; };
		7DF907E2250BB00C0059C354 /* StampTests.swift in Sources */ = {isa = PBXBuildFile; fileRef = 7DF907E1250BB00C0059C354 /* StampTests.swift */; };
		7DF907ED250BB00C0059C354 /* StampUITests.swift in Sources */ = {isa = PBXBuildFile; fileRef = 7DF907EC250BB00C0059C354 /* StampUITests.swift */; };
		7DF90800250BE5DE0059C354 /* onpu.png in Resources */ = {isa = PBXBuildFile; fileRef = 7DF907FC250BE5DC0059C354 /* onpu.png */; };
		7DF90801250BE5DE0059C354 /* hana.png in Resources */ = {isa = PBXBuildFile; fileRef = 7DF907FD250BE5DC0059C354 /* hana.png */; };
		7DF90802250BE5DE0059C354 /* hoshi.png in Resources */ = {isa = PBXBuildFile; fileRef = 7DF907FE250BE5DD0059C354 /* hoshi.png */; };
		7DF90803250BE5DE0059C354 /* background.png in Resources */ = {isa = PBXBuildFile; fileRef = 7DF907FF250BE5DD0059C354 /* background.png */; };
		7DF90805250BE5FF0059C354 /* shitumon.png in Resources */ = {isa = PBXBuildFile; fileRef = 7DF90804250BE5FE0059C354 /* shitumon.png */; };
/* End PBXBuildFile section */

/* Begin PBXContainerItemProxy section */
		7DF907DE250BB00C0059C354 /* PBXContainerItemProxy */ = {
			isa = PBXContainerItemProxy;
			containerPortal = 7DF907BF250BB0060059C354 /* Project object */;
			proxyType = 1;
			remoteGlobalIDString = 7DF907C6250BB0060059C354;
			remoteInfo = Stamp;
		};
		7DF907E9250BB00C0059C354 /* PBXContainerItemProxy */ = {
			isa = PBXContainerItemProxy;
			containerPortal = 7DF907BF250BB0060059C354 /* Project object */;
			proxyType = 1;
			remoteGlobalIDString = 7DF907C6250BB0060059C354;
			remoteInfo = Stamp;
		};
/* End PBXContainerItemProxy section */

/* Begin PBXFileReference section */
		7DF907C7250BB0060059C354 /* Stamp.app */ = {isa = PBXFileReference; explicitFileType = wrapper.application; includeInIndex = 0; path = Stamp.app; sourceTree = BUILT_PRODUCTS_DIR; };
		7DF907CA250BB0060059C354 /* AppDelegate.swift */ = {isa = PBXFileReference; lastKnownFileType = sourcecode.swift; path = AppDelegate.swift; sourceTree = "<group>"; };
		7DF907CC250BB0060059C354 /* SceneDelegate.swift */ = {isa = PBXFileReference; lastKnownFileType = sourcecode.swift; path = SceneDelegate.swift; sourceTree = "<group>"; };
		7DF907CE250BB0060059C354 /* ViewController.swift */ = {isa = PBXFileReference; lastKnownFileType = sourcecode.swift; path = ViewController.swift; sourceTree = "<group>"; };
		7DF907D1250BB0060059C354 /* Base */ = {isa = PBXFileReference; lastKnownFileType = file.storyboard; name = Base; path = Base.lproj/Main.storyboard; sourceTree = "<group>"; };
		7DF907D3250BB00B0059C354 /* Assets.xcassets */ = {isa = PBXFileReference; lastKnownFileType = folder.assetcatalog; path = Assets.xcassets; sourceTree = "<group>"; };
		7DF907D6250BB00B0059C354 /* Base */ = {isa = PBXFileReference; lastKnownFileType = file.storyboard; name = Base; path = Base.lproj/LaunchScreen.storyboard; sourceTree = "<group>"; };
		7DF907D8250BB00C0059C354 /* Info.plist */ = {isa = PBXFileReference; lastKnownFileType = text.plist.xml; path = Info.plist; sourceTree = "<group>"; };
		7DF907DD250BB00C0059C354 /* StampTests.xctest */ = {isa = PBXFileReference; explicitFileType = wrapper.cfbundle; includeInIndex = 0; path = StampTests.xctest; sourceTree = BUILT_PRODUCTS_DIR; };
		7DF907E1250BB00C0059C354 /* StampTests.swift */ = {isa = PBXFileReference; lastKnownFileType = sourcecode.swift; path = StampTests.swift; sourceTree = "<group>"; };
		7DF907E3250BB00C0059C354 /* Info.plist */ = {isa = PBXFileReference; lastKnownFileType = text.plist.xml; path = Info.plist; sourceTree = "<group>"; };
		7DF907E8250BB00C0059C354 /* StampUITests.xctest */ = {isa = PBXFileReference; explicitFileType = wrapper.cfbundle; includeInIndex = 0; path = StampUITests.xctest; sourceTree = BUILT_PRODUCTS_DIR; };
		7DF907EC250BB00C0059C354 /* StampUITests.swift */ = {isa = PBXFileReference; lastKnownFileType = sourcecode.swift; path = StampUITests.swift; sourceTree = "<group>"; };
		7DF907EE250BB00C0059C354 /* Info.plist */ = {isa = PBXFileReference; lastKnownFileType = text.plist.xml; path = Info.plist; sourceTree = "<group>"; };
		7DF907FC250BE5DC0059C354 /* onpu.png */ = {isa = PBXFileReference; lastKnownFileType = image.png; path = onpu.png; sourceTree = "<group>"; };
		7DF907FD250BE5DC0059C354 /* hana.png */ = {isa = PBXFileReference; lastKnownFileType = image.png; path = hana.png; sourceTree = "<group>"; };
		7DF907FE250BE5DD0059C354 /* hoshi.png */ = {isa = PBXFileReference; lastKnownFileType = image.png; path = hoshi.png; sourceTree = "<group>"; };
		7DF907FF250BE5DD0059C354 /* background.png */ = {isa = PBXFileReference; lastKnownFileType = image.png; path = background.png; sourceTree = "<group>"; };
		7DF90804250BE5FE0059C354 /* shitumon.png */ = {isa = PBXFileReference; lastKnownFileType = image.png; path = shitumon.png; sourceTree = "<group>"; };
/* End PBXFileReference section */

/* Begin PBXFrameworksBuildPhase section */
		7DF907C4250BB0060059C354 /* Frameworks */ = {
			isa = PBXFrameworksBuildPhase;
			buildActionMask = 2147483647;
			files = (
			);
			runOnlyForDeploymentPostprocessing = 0;
		};
		7DF907DA250BB00C0059C354 /* Frameworks */ = {
			isa = PBXFrameworksBuildPhase;
			buildActionMask = 2147483647;
			files = (
			);
			runOnlyForDeploymentPostprocessing = 0;
		};
		7DF907E5250BB00C0059C354 /* Frameworks */ = {
			isa = PBXFrameworksBuildPhase;
			buildActionMask = 2147483647;
			files = (
			);
			runOnlyForDeploymentPostprocessing = 0;
		};
/* End PBXFrameworksBuildPhase section */

/* Begin PBXGroup section */
		7DF907BE250BB0060059C354 = {
			isa = PBXGroup;
			children = (
				7DF907C9250BB0060059C354 /* Stamp */,
				7DF907E0250BB00C0059C354 /* StampTests */,
				7DF907EB250BB00C0059C354 /* StampUITests */,
				7DF907C8250BB0060059C354 /* Products */,
			);
			sourceTree = "<group>";
		};
		7DF907C8250BB0060059C354 /* Products */ = {
			isa = PBXGroup;
			children = (
				7DF907C7250BB0060059C354 /* Stamp.app */,
				7DF907DD250BB00C0059C354 /* StampTests.xctest */,
				7DF907E8250BB00C0059C354 /* StampUITests.xctest */,
			);
			name = Products;
			sourceTree = "<group>";
		};
		7DF907C9250BB0060059C354 /* Stamp */ = {
			isa = PBXGroup;
			children = (
				7DF90804250BE5FE0059C354 /* shitumon.png */,
				7DF907FF250BE5DD0059C354 /* background.png */,
				7DF907FD250BE5DC0059C354 /* hana.png */,
				7DF907FE250BE5DD0059C354 /* hoshi.png */,
				7DF907FC250BE5DC0059C354 /* onpu.png */,
				7DF907CA250BB0060059C354 /* AppDelegate.swift */,
				7DF907CC250BB0060059C354 /* SceneDelegate.swift */,
				7DF907CE250BB0060059C354 /* ViewController.swift */,
				7DF907D0250BB0060059C354 /* Main.storyboard */,
				7DF907D3250BB00B0059C354 /* Assets.xcassets */,
				7DF907D5250BB00B0059C354 /* LaunchScreen.storyboard */,
				7DF907D8250BB00C0059C354 /* Info.plist */,
			);
			path = Stamp;
			sourceTree = "<group>";
		};
		7DF907E0250BB00C0059C354 /* StampTests */ = {
			isa = PBXGroup;
			children = (
				7DF907E1250BB00C0059C354 /* StampTests.swift */,
				7DF907E3250BB00C0059C354 /* Info.plist */,
			);
			path = StampTests;
			sourceTree = "<group>";
		};
		7DF907EB250BB00C0059C354 /* StampUITests */ = {
			isa = PBXGroup;
			children = (
				7DF907EC250BB00C0059C354 /* StampUITests.swift */,
				7DF907EE250BB00C0059C354 /* Info.plist */,
			);
			path = StampUITests;
			sourceTree = "<group>";
		};
/* End PBXGroup section */

/* Begin PBXNativeTarget section */
		7DF907C6250BB0060059C354 /* Stamp */ = {
			isa = PBXNativeTarget;
			buildConfigurationList = 7DF907F1250BB00C0059C354 /* Build configuration list for PBXNativeTarget "Stamp" */;
			buildPhases = (
				7DF907C3250BB0060059C354 /* Sources */,
				7DF907C4250BB0060059C354 /* Frameworks */,
				7DF907C5250BB0060059C354 /* Resources */,
			);
			buildRules = (
			);
			dependencies = (
			);
			name = Stamp;
			productName = Stamp;
			productReference = 7DF907C7250BB0060059C354 /* Stamp.app */;
			productType = "com.apple.product-type.application";
		};
		7DF907DC250BB00C0059C354 /* StampTests */ = {
			isa = PBXNativeTarget;
			buildConfigurationList = 7DF907F4250BB00C0059C354 /* Build configuration list for PBXNativeTarget "StampTests" */;
			buildPhases = (
				7DF907D9250BB00C0059C354 /* Sources */,
				7DF907DA250BB00C0059C354 /* Frameworks */,
				7DF907DB250BB00C0059C354 /* Resources */,
			);
			buildRules = (
			);
			dependencies = (
				7DF907DF250BB00C0059C354 /* PBXTargetDependency */,
			);
			name = StampTests;
			productName = StampTests;
			productReference = 7DF907DD250BB00C0059C354 /* StampTests.xctest */;
			productType = "com.apple.product-type.bundle.unit-test";
		};
		7DF907E7250BB00C0059C354 /* StampUITests */ = {
			isa = PBXNativeTarget;
			buildConfigurationList = 7DF907F7250BB00C0059C354 /* Build configuration list for PBXNativeTarget "StampUITests" */;
			buildPhases = (
				7DF907E4250BB00C0059C354 /* Sources */,
				7DF907E5250BB00C0059C354 /* Frameworks */,
				7DF907E6250BB00C0059C354 /* Resources */,
			);
			buildRules = (
			);
			dependencies = (
				7DF907EA250BB00C0059C354 /* PBXTargetDependency */,
			);
			name = StampUITests;
			productName = StampUITests;
			productReference = 7DF907E8250BB00C0059C354 /* StampUITests.xctest */;
			productType = "com.apple.product-type.bundle.ui-testing";
		};
/* End PBXNativeTarget section */

/* Begin PBXProject section */
		7DF907BF250BB0060059C354 /* Project object */ = {
			isa = PBXProject;
			attributes = {
				LastSwiftUpdateCheck = 1130;
				LastUpgradeCheck = 1130;
				ORGANIZATIONNAME = "伊藤　陽香";
				TargetAttributes = {
					7DF907C6250BB0060059C354 = {
						CreatedOnToolsVersion = 11.3.1;
					};
					7DF907DC250BB00C0059C354 = {
						CreatedOnToolsVersion = 11.3.1;
						TestTargetID = 7DF907C6250BB0060059C354;
					};
					7DF907E7250BB00C0059C354 = {
						CreatedOnToolsVersion = 11.3.1;
						TestTargetID = 7DF907C6250BB0060059C354;
					};
				};
			};
			buildConfigurationList = 7DF907C2250BB0060059C354 /* Build configuration list for PBXProject "Stamp" */;
			compatibilityVersion = "Xcode 9.3";
			developmentRegion = en;
			hasScannedForEncodings = 0;
			knownRegions = (
				en,
				Base,
			);
			mainGroup = 7DF907BE250BB0060059C354;
			productRefGroup = 7DF907C8250BB0060059C354 /* Products */;
			projectDirPath = "";
			projectRoot = "";
			targets = (
				7DF907C6250BB0060059C354 /* Stamp */,
				7DF907DC250BB00C0059C354 /* StampTests */,
				7DF907E7250BB00C0059C354 /* StampUITests */,
			);
		};
/* End PBXProject section */

/* Begin PBXResourcesBuildPhase section */
		7DF907C5250BB0060059C354 /* Resources */ = {
			isa = PBXResourcesBuildPhase;
			buildActionMask = 2147483647;
			files = (
				7DF907D7250BB00B0059C354 /* LaunchScreen.storyboard in Resources */,
				7DF90802250BE5DE0059C354 /* hoshi.png in Resources */,
				7DF90803250BE5DE0059C354 /* background.png in Resources */,
				7DF90801250BE5DE0059C354 /* hana.png in Resources */,
				7DF90800250BE5DE0059C354 /* onpu.png in Resources */,
				7DF907D4250BB00B0059C354 /* Assets.xcassets in Resources */,
				7DF90805250BE5FF0059C354 /* shitumon.png in Resources */,
				7DF907D2250BB0060059C354 /* Main.storyboard in Resources */,
			);
			runOnlyForDeploymentPostprocessing = 0;
		};
		7DF907DB250BB00C0059C354 /* Resources */ = {
			isa = PBXResourcesBuildPhase;
			buildActionMask = 2147483647;
			files = (
			);
			runOnlyForDeploymentPostprocessing = 0;
		};
		7DF907E6250BB00C0059C354 /* Resources */ = {
			isa = PBXResourcesBuildPhase;
			buildActionMask = 2147483647;
			files = (
			);
			runOnlyForDeploymentPostprocessing = 0;
		};
/* End PBXResourcesBuildPhase section */

/* Begin PBXSourcesBuildPhase section */
		7DF907C3250BB0060059C354 /* Sources */ = {
			isa = PBXSourcesBuildPhase;
			buildActionMask = 2147483647;
			files = (
				7DF907CF250BB0060059C354 /* ViewController.swift in Sources */,
				7DF907CB250BB0060059C354 /* AppDelegate.swift in Sources */,
				7DF907CD250BB0060059C354 /* SceneDelegate.swift in Sources */,
			);
			runOnlyForDeploymentPostprocessing = 0;
		};
		7DF907D9250BB00C0059C354 /* Sources */ = {
			isa = PBXSourcesBuildPhase;
			buildActionMask = 2147483647;
			files = (
				7DF907E2250BB00C0059C354 /* StampTests.swift in Sources */,
			);
			runOnlyForDeploymentPostprocessing = 0;
		};
		7DF907E4250BB00C0059C354 /* Sources */ = {
			isa = PBXSourcesBuildPhase;
			buildActionMask = 2147483647;
			files = (
				7DF907ED250BB00C0059C354 /* StampUITests.swift in Sources */,
			);
			runOnlyForDeploymentPostprocessing = 0;
		};
/* End PBXSourcesBuildPhase section */

/* Begin PBXTargetDependency section */
		7DF907DF250BB00C0059C354 /* PBXTargetDependency */ = {
			isa = PBXTargetDependency;
			target = 7DF907C6250BB0060059C354 /* Stamp */;
			targetProxy = 7DF907DE250BB00C0059C354 /* PBXContainerItemProxy */;
		};
		7DF907EA250BB00C0059C354 /* PBXTargetDependency */ = {
			isa = PBXTargetDependency;
			target = 7DF907C6250BB0060059C354 /* Stamp */;
			targetProxy = 7DF907E9250BB00C0059C354 /* PBXContainerItemProxy */;
		};
/* End PBXTargetDependency section */

/* Begin PBXVariantGroup section */
		7DF907D0250BB0060059C354 /* Main.storyboard */ = {
			isa = PBXVariantGroup;
			children = (
				7DF907D1250BB0060059C354 /* Base */,
			);
			name = Main.storyboard;
			sourceTree = "<group>";
		};
		7DF907D5250BB00B0059C354 /* LaunchScreen.storyboard */ = {
			isa = PBXVariantGroup;
			children = (
				7DF907D6250BB00B0059C354 /* Base */,
			);
			name = LaunchScreen.storyboard;
			sourceTree = "<group>";
		};
/* End PBXVariantGroup section */

/* Begin XCBuildConfiguration section */
		7DF907EF250BB00C0059C354 /* Debug */ = {
			isa = XCBuildConfiguration;
			buildSettings = {
				ALWAYS_SEARCH_USER_PATHS = NO;
				CLANG_ANALYZER_NONNULL = YES;
				CLANG_ANALYZER_NUMBER_OBJECT_CONVERSION = YES_AGGRESSIVE;
				CLANG_CXX_LANGUAGE_STANDARD = "gnu++14";
				CLANG_CXX_LIBRARY = "libc++";
				CLANG_ENABLE_MODULES = YES;
				CLANG_ENABLE_OBJC_ARC = YES;
				CLANG_ENABLE_OBJC_WEAK = YES;
				CLANG_WARN_BLOCK_CAPTURE_AUTORELEASING = YES;
				CLANG_WARN_BOOL_CONVERSION = YES;
				CLANG_WARN_COMMA = YES;
				CLANG_WARN_CONSTANT_CONVERSION = YES;
				CLANG_WARN_DEPRECATED_OBJC_IMPLEMENTATIONS = YES;
				CLANG_WARN_DIRECT_OBJC_ISA_USAGE = YES_ERROR;
				CLANG_WARN_DOCUMENTATION_COMMENTS = YES;
				CLANG_WARN_EMPTY_BODY = YES;
				CLANG_WARN_ENUM_CONVERSION = YES;
				CLANG_WARN_INFINITE_RECURSION = YES;
				CLANG_WARN_INT_CONVERSION = YES;
				CLANG_WARN_NON_LITERAL_NULL_CONVERSION = YES;
				CLANG_WARN_OBJC_IMPLICIT_RETAIN_SELF = YES;
				CLANG_WARN_OBJC_LITERAL_CONVERSION = YES;
				CLANG_WARN_OBJC_ROOT_CLASS = YES_ERROR;
				CLANG_WARN_RANGE_LOOP_ANALYSIS = YES;
				CLANG_WARN_STRICT_PROTOTYPES = YES;
				CLANG_WARN_SUSPICIOUS_MOVE = YES;
				CLANG_WARN_UNGUARDED_AVAILABILITY = YES_AGGRESSIVE;
				CLANG_WARN_UNREACHABLE_CODE = YES;
				CLANG_WARN__DUPLICATE_METHOD_MATCH = YES;
				COPY_PHASE_STRIP = NO;
				DEBUG_INFORMATION_FORMAT = dwarf;
				ENABLE_STRICT_OBJC_MSGSEND = YES;
				ENABLE_TESTABILITY = YES;
				GCC_C_LANGUAGE_STANDARD = gnu11;
				GCC_DYNAMIC_NO_PIC = NO;
				GCC_NO_COMMON_BLOCKS = YES;
				GCC_OPTIMIZATION_LEVEL = 0;
				GCC_PREPROCESSOR_DEFINITIONS = (
					"DEBUG=1",
					"$(inherited)",
				);
				GCC_WARN_64_TO_32_BIT_CONVERSION = YES;
				GCC_WARN_ABOUT_RETURN_TYPE = YES_ERROR;
				GCC_WARN_UNDECLARED_SELECTOR = YES;
				GCC_WARN_UNINITIALIZED_AUTOS = YES_AGGRESSIVE;
				GCC_WARN_UNUSED_FUNCTION = YES;
				GCC_WARN_UNUSED_VARIABLE = YES;
				IPHONEOS_DEPLOYMENT_TARGET = 13.2;
				MTL_ENABLE_DEBUG_INFO = INCLUDE_SOURCE;
				MTL_FAST_MATH = YES;
				ONLY_ACTIVE_ARCH = YES;
				SDKROOT = iphoneos;
				SWIFT_ACTIVE_COMPILATION_CONDITIONS = DEBUG;
				SWIFT_OPTIMIZATION_LEVEL = "-Onone";
			};
			name = Debug;
		};
		7DF907F0250BB00C0059C354 /* Release */ = {
			isa = XCBuildConfiguration;
			buildSettings = {
				ALWAYS_SEARCH_USER_PATHS = NO;
				CLANG_ANALYZER_NONNULL = YES;
				CLANG_ANALYZER_NUMBER_OBJECT_CONVERSION = YES_AGGRESSIVE;
				CLANG_CXX_LANGUAGE_STANDARD = "gnu++14";
				CLANG_CXX_LIBRARY = "libc++";
				CLANG_ENABLE_MODULES = YES;
				CLANG_ENABLE_OBJC_ARC = YES;
				CLANG_ENABLE_OBJC_WEAK = YES;
				CLANG_WARN_BLOCK_CAPTURE_AUTORELEASING = YES;
				CLANG_WARN_BOOL_CONVERSION = YES;
				CLANG_WARN_COMMA = YES;
				CLANG_WARN_CONSTANT_CONVERSION = YES;
				CLANG_WARN_DEPRECATED_OBJC_IMPLEMENTATIONS = YES;
				CLANG_WARN_DIRECT_OBJC_ISA_USAGE = YES_ERROR;
				CLANG_WARN_DOCUMENTATION_COMMENTS = YES;
				CLANG_WARN_EMPTY_BODY = YES;
				CLANG_WARN_ENUM_CONVERSION = YES;
				CLANG_WARN_INFINITE_RECURSION = YES;
				CLANG_WARN_INT_CONVERSION = YES;
				CLANG_WARN_NON_LITERAL_NULL_CONVERSION = YES;
				CLANG_WARN_OBJC_IMPLICIT_RETAIN_SELF = YES;
				CLANG_WARN_OBJC_LITERAL_CONVERSION = YES;
				CLANG_WARN_OBJC_ROOT_CLASS = YES_ERROR;
				CLANG_WARN_RANGE_LOOP_ANALYSIS = YES;
				CLANG_WARN_STRICT_PROTOTYPES = YES;
				CLANG_WARN_SUSPICIOUS_MOVE = YES;
				CLANG_WARN_UNGUARDED_AVAILABILITY = YES_AGGRESSIVE;
				CLANG_WARN_UNREACHABLE_CODE = YES;
				CLANG_WARN__DUPLICATE_METHOD_MATCH = YES;
				COPY_PHASE_STRIP = NO;
				DEBUG_INFORMATION_FORMAT = "dwarf-with-dsym";
				ENABLE_NS_ASSERTIONS = NO;
				ENABLE_STRICT_OBJC_MSGSEND = YES;
				GCC_C_LANGUAGE_STANDARD = gnu11;
				GCC_NO_COMMON_BLOCKS = YES;
				GCC_WARN_64_TO_32_BIT_CONVERSION = YES;
				GCC_WARN_ABOUT_RETURN_TYPE = YES_ERROR;
				GCC_WARN_UNDECLARED_SELECTOR = YES;
				GCC_WARN_UNINITIALIZED_AUTOS = YES_AGGRESSIVE;
				GCC_WARN_UNUSED_FUNCTION = YES;
				GCC_WARN_UNUSED_VARIABLE = YES;
				IPHONEOS_DEPLOYMENT_TARGET = 13.2;
				MTL_ENABLE_DEBUG_INFO = NO;
				MTL_FAST_MATH = YES;
				SDKROOT = iphoneos;
				SWIFT_COMPILATION_MODE = wholemodule;
				SWIFT_OPTIMIZATION_LEVEL = "-O";
				VALIDATE_PRODUCT = YES;
			};
			name = Release;
		};
		7DF907F2250BB00C0059C354 /* Debug */ = {
			isa = XCBuildConfiguration;
			buildSettings = {
				ASSETCATALOG_COMPILER_APPICON_NAME = AppIcon;
				CODE_SIGN_STYLE = Automatic;
				INFOPLIST_FILE = Stamp/Info.plist;
				LD_RUNPATH_SEARCH_PATHS = (
					"$(inherited)",
					"@executable_path/Frameworks",
				);
				PRODUCT_BUNDLE_IDENTIFIER = com.litech.Stamp;
				PRODUCT_NAME = "$(TARGET_NAME)";
				SWIFT_VERSION = 5.0;
				TARGETED_DEVICE_FAMILY = "1,2";
			};
			name = Debug;
		};
		7DF907F3250BB00C0059C354 /* Release */ = {
			isa = XCBuildConfiguration;
			buildSettings = {
				ASSETCATALOG_COMPILER_APPICON_NAME = AppIcon;
				CODE_SIGN_STYLE = Automatic;
				INFOPLIST_FILE = Stamp/Info.plist;
				LD_RUNPATH_SEARCH_PATHS = (
					"$(inherited)",
					"@executable_path/Frameworks",
				);
				PRODUCT_BUNDLE_IDENTIFIER = com.litech.Stamp;
				PRODUCT_NAME = "$(TARGET_NAME)";
				SWIFT_VERSION = 5.0;
				TARGETED_DEVICE_FAMILY = "1,2";
			};
			name = Release;
		};
		7DF907F5250BB00C0059C354 /* Debug */ = {
			isa = XCBuildConfiguration;
			buildSettings = {
				ALWAYS_EMBED_SWIFT_STANDARD_LIBRARIES = YES;
				BUNDLE_LOADER = "$(TEST_HOST)";
				CODE_SIGN_STYLE = Automatic;
				INFOPLIST_FILE = StampTests/Info.plist;
				IPHONEOS_DEPLOYMENT_TARGET = 13.2;
				LD_RUNPATH_SEARCH_PATHS = (
					"$(inherited)",
					"@executable_path/Frameworks",
					"@loader_path/Frameworks",
				);
				PRODUCT_BUNDLE_IDENTIFIER = com.litech.StampTests;
				PRODUCT_NAME = "$(TARGET_NAME)";
				SWIFT_VERSION = 5.0;
				TARGETED_DEVICE_FAMILY = "1,2";
				TEST_HOST = "$(BUILT_PRODUCTS_DIR)/Stamp.app/Stamp";
			};
			name = Debug;
		};
		7DF907F6250BB00C0059C354 /* Release */ = {
			isa = XCBuildConfiguration;
			buildSettings = {
				ALWAYS_EMBED_SWIFT_STANDARD_LIBRARIES = YES;
				BUNDLE_LOADER = "$(TEST_HOST)";
				CODE_SIGN_STYLE = Automatic;
				INFOPLIST_FILE = StampTests/Info.plist;
				IPHONEOS_DEPLOYMENT_TARGET = 13.2;
				LD_RUNPATH_SEARCH_PATHS = (
					"$(inherited)",
					"@executable_path/Frameworks",
					"@loader_path/Frameworks",
				);
				PRODUCT_BUNDLE_IDENTIFIER = com.litech.StampTests;
				PRODUCT_NAME = "$(TARGET_NAME)";
				SWIFT_VERSION = 5.0;
				TARGETED_DEVICE_FAMILY = "1,2";
				TEST_HOST = "$(BUILT_PRODUCTS_DIR)/Stamp.app/Stamp";
			};
			name = Release;
		};
		7DF907F8250BB00C0059C354 /* Debug */ = {
			isa = XCBuildConfiguration;
			buildSettings = {
				ALWAYS_EMBED_SWIFT_STANDARD_LIBRARIES = YES;
				CODE_SIGN_STYLE = Automatic;
				INFOPLIST_FILE = StampUITests/Info.plist;
				LD_RUNPATH_SEARCH_PATHS = (
					"$(inherited)",
					"@executable_path/Frameworks",
					"@loader_path/Frameworks",
				);
				PRODUCT_BUNDLE_IDENTIFIER = com.litech.StampUITests;
				PRODUCT_NAME = "$(TARGET_NAME)";
				SWIFT_VERSION = 5.0;
				TARGETED_DEVICE_FAMILY = "1,2";
				TEST_TARGET_NAME = Stamp;
			};
			name = Debug;
		};
		7DF907F9250BB00C0059C354 /* Release */ = {
			isa = XCBuildConfiguration;
			buildSettings = {
				ALWAYS_EMBED_SWIFT_STANDARD_LIBRARIES = YES;
				CODE_SIGN_STYLE = Automatic;
				INFOPLIST_FILE = StampUITests/Info.plist;
				LD_RUNPATH_SEARCH_PATHS = (
					"$(inherited)",
					"@executable_path/Frameworks",
					"@loader_path/Frameworks",
				);
				PRODUCT_BUNDLE_IDENTIFIER = com.litech.StampUITests;
				PRODUCT_NAME = "$(TARGET_NAME)";
				SWIFT_VERSION = 5.0;
				TARGETED_DEVICE_FAMILY = "1,2";
				TEST_TARGET_NAME = Stamp;
			};
			name = Release;
		};
/* End XCBuildConfiguration section */

/* Begin XCConfigurationList section */
		7DF907C2250BB0060059C354 /* Build configuration list for PBXProject "Stamp" */ = {
			isa = XCConfigurationList;
			buildConfigurations = (
				7DF907EF250BB00C0059C354 /* Debug */,
				7DF907F0250BB00C0059C354 /* Release */,
			);
			defaultConfigurationIsVisible = 0;
			defaultConfigurationName = Release;
		};
		7DF907F1250BB00C0059C354 /* Build configuration list for PBXNativeTarget "Stamp" */ = {
			isa = XCConfigurationList;
			buildConfigurations = (
				7DF907F2250BB00C0059C354 /* Debug */,
				7DF907F3250BB00C0059C354 /* Release */,
			);
			defaultConfigurationIsVisible = 0;
			defaultConfigurationName = Release;
		};
		7DF907F4250BB00C0059C354 /* Build configuration list for PBXNativeTarget "StampTests" */ = {
			isa = XCConfigurationList;
			buildConfigurations = (
				7DF907F5250BB00C0059C354 /* Debug */,
				7DF907F6250BB00C0059C354 /* Release */,
			);
			defaultConfigurationIsVisible = 0;
			defaultConfigurationName = Release;
		};
		7DF907F7250BB00C0059C354 /* Build configuration list for PBXNativeTarget "StampUITests" */ = {
			isa = XCConfigurationList;
			buildConfigurations = (
				7DF907F8250BB00C0059C354 /* Debug */,
				7DF907F9250BB00C0059C354 /* Release */,
			);
			defaultConfigurationIsVisible = 0;
			defaultConfigurationName = Release;
		};
/* End XCConfigurationList section */
	};
	rootObject = 7DF907BF250BB0060059C354 /* Project object */;
}
